
Microsoft Visual Studio Solution File, Format Version 12.00
# Visual Studio 15
VisualStudioVersion = 15.0.26730.15
MinimumVisualStudioVersion = 10.0.40219.1
Project("{FAE04EC0-301F-11D3-BF4B-00C04F79EFBC}") = "library", "library\library.csproj", "{2EBBC044-5E10-4162-97C2-0E38B4CDFABD}"
EndProject
Global
	GlobalSection(SolutionConfigurationPlatforms) = preSolution
		Debug|Any CPU = Debug|Any CPU
		Release|Any CPU = Release|Any CPU
	EndGlobalSection
	GlobalSection(ProjectConfigurationPlatforms) = postSolution
		{2EBBC044-5E10-4162-97C2-0E38B4CDFABD}.Debug|Any CPU.ActiveCfg = Debug|Any CPU
		{2EBBC044-5E10-4162-97C2-0E38B4CDFABD}.Debug|Any CPU.Build.0 = Debug|Any CPU
		{2EBBC044-5E10-4162-97C2-0E38B4CDFABD}.Release|Any CPU.ActiveCfg = Release|Any CPU
		{2EBBC044-5E10-4162-97C2-0E38B4CDFABD}.Release|Any CPU.Build.0 = Release|Any CPU
	EndGlobalSection
	GlobalSection(SolutionProperties) = preSolution
		HideSolutionNode = FALSE
	EndGlobalSection
	GlobalSection(ExtensibilityGlobals) = postSolution
		SolutionGuid = {EBBCD229-10CF-4D7A-ACD9-D73FF8761933}
	EndGlobalSection
EndGlobal
